
Microsoft Visual Studio Solution File, Format Version 12.00
# Visual Studio Version 17
VisualStudioVersion = 17.3.32929.385
MinimumVisualStudioVersion = 10.0.40219.1
Project("{FAE04EC0-301F-11D3-BF4B-00C04F79EFBC}") = "demo_transferDataBewteenTwoUserControl", "demo_transferDataBewteenTwoUserControl\demo_transferDataBewteenTwoUserControl.csproj", "{A0AF9CE2-4E21-40EF-A72D-645EB816395E}"
EndProject
Global
	GlobalSection(SolutionConfigurationPlatforms) = preSolution
		Debug|Any CPU = Debug|Any CPU
		Release|Any CPU = Release|Any CPU
	EndGlobalSection
	GlobalSection(ProjectConfigurationPlatforms) = postSolution
		{A0AF9CE2-4E21-40EF-A72D-645EB816395E}.Debug|Any CPU.ActiveCfg = Debug|Any CPU
		{A0AF9CE2-4E21-40EF-A72D-645EB816395E}.Debug|Any CPU.Build.0 = Debug|Any CPU
		{A0AF9CE2-4E21-40EF-A72D-645EB816395E}.Release|Any CPU.ActiveCfg = Release|Any CPU
		{A0AF9CE2-4E21-40EF-A72D-645EB816395E}.Release|Any CPU.Build.0 = Release|Any CPU
	EndGlobalSection
	GlobalSection(SolutionProperties) = preSolution
		HideSolutionNode = FALSE
	EndGlobalSection
	GlobalSection(ExtensibilityGlobals) = postSolution
		SolutionGuid = {C5AA8899-C2E0-4BFD-8BDC-3FCBD2219EF6}
	EndGlobalSection
EndGlobal
